
Microsoft Visual Studio Solution File, Format Version 12.00
# Visual Studio 15
VisualStudioVersion = 15.0.28307.271
MinimumVisualStudioVersion = 10.0.40219.1
Project("{FAE04EC0-301F-11D3-BF4B-00C04F79EFBC}") = "ListaProductos.Android", "ListaProductos\ListaProductos.Android\ListaProductos.Android.csproj", "{B969F412-B51E-40CA-B44F-398658FD3288}"
EndProject
Project("{FAE04EC0-301F-11D3-BF4B-00C04F79EFBC}") = "ListaProductos.iOS", "ListaProductos\ListaProductos.iOS\ListaProductos.iOS.csproj", "{AB6C6814-BC9F-413C-A994-8839E7C0E64D}"
EndProject
Project("{FAE04EC0-301F-11D3-BF4B-00C04F79EFBC}") = "ListaProductos", "ListaProductos\ListaProductos\ListaProductos.csproj", "{6EEC4230-902A-46CE-8150-CAEDDA4C719B}"
EndProject
Global
	GlobalSection(SolutionConfigurationPlatforms) = preSolution
		Ad-Hoc|Any CPU = Ad-Hoc|Any CPU
		Ad-Hoc|ARM = Ad-Hoc|ARM
		Ad-Hoc|iPhone = Ad-Hoc|iPhone
		Ad-Hoc|iPhoneSimulator = Ad-Hoc|iPhoneSimulator
		Ad-Hoc|x64 = Ad-Hoc|x64
		Ad-Hoc|x86 = Ad-Hoc|x86
		AppStore|Any CPU = AppStore|Any CPU
		AppStore|ARM = AppStore|ARM
		AppStore|iPhone = AppStore|iPhone
		AppStore|iPhoneSimulator = AppStore|iPhoneSimulator
		AppStore|x64 = AppStore|x64
		AppStore|x86 = AppStore|x86
		Debug|Any CPU = Debug|Any CPU
		Debug|ARM = Debug|ARM
		Debug|iPhone = Debug|iPhone
		Debug|iPhoneSimulator = Debug|iPhoneSimulator
		Debug|x64 = Debug|x64
		Debug|x86 = Debug|x86
		Release|Any CPU = Release|Any CPU
		Release|ARM = Release|ARM
		Release|iPhone = Release|iPhone
		Release|iPhoneSimulator = Release|iPhoneSimulator
		Release|x64 = Release|x64
		Release|x86 = Release|x86
	EndGlobalSection
	GlobalSection(ProjectConfigurationPlatforms) = postSolution
		{B969F412-B51E-40CA-B44F-398658FD3288}.Ad-Hoc|Any CPU.ActiveCfg = Release|Any CPU
		{B969F412-B51E-40CA-B44F-398658FD3288}.Ad-Hoc|Any CPU.Build.0 = Release|Any CPU
		{B969F412-B51E-40CA-B44F-398658FD3288}.Ad-Hoc|Any CPU.Deploy.0 = Release|Any CPU
		{B969F412-B51E-40CA-B44F-398658FD3288}.Ad-Hoc|ARM.ActiveCfg = Release|Any CPU
		{B969F412-B51E-40CA-B44F-398658FD3288}.Ad-Hoc|ARM.Build.0 = Release|Any CPU
		{B969F412-B51E-40CA-B44F-398658FD3288}.Ad-Hoc|ARM.Deploy.0 = Release|Any CPU
		{B969F412-B51E-40CA-B44F-398658FD3288}.Ad-Hoc|iPhone.ActiveCfg = Release|Any CPU
		{B969F412-B51E-40CA-B44F-398658FD3288}.Ad-Hoc|iPhone.Build.0 = Release|Any CPU
		{B969F412-B51E-40CA-B44F-398658FD3288}.Ad-Hoc|iPhone.Deploy.0 = Release|Any CPU
		{B969F412-B51E-40CA-B44F-398658FD3288}.Ad-Hoc|iPhoneSimulator.ActiveCfg = Release|Any CPU
		{B969F412-B51E-40CA-B44F-398658FD3288}.Ad-Hoc|iPhoneSimulator.Build.0 = Release|Any CPU
		{B969F412-B51E-40CA-B44F-398658FD3288}.Ad-Hoc|iPhoneSimulator.Deploy.0 = Release|Any CPU
		{B969F412-B51E-40CA-B44F-398658FD3288}.Ad-Hoc|x64.ActiveCfg = Release|Any CPU
		{B969F412-B51E-40CA-B44F-398658FD3288}.Ad-Hoc|x64.Build.0 = Release|Any CPU
		{B969F412-B51E-40CA-B44F-398658FD3288}.Ad-Hoc|x64.Deploy.0 = Release|Any CPU
		{B969F412-B51E-40CA-B44F-398658FD3288}.Ad-Hoc|x86.ActiveCfg = Release|Any CPU
		{B969F412-B51E-40CA-B44F-398658FD3288}.Ad-Hoc|x86.Build.0 = Release|Any CPU
		{B969F412-B51E-40CA-B44F-398658FD3288}.Ad-Hoc|x86.Deploy.0 = Release|Any CPU
		{B969F412-B51E-40CA-B44F-398658FD3288}.AppStore|Any CPU.ActiveCfg = Release|Any CPU
		{B969F412-B51E-40CA-B44F-398658FD3288}.AppStore|Any CPU.Build.0 = Release|Any CPU
		{B969F412-B51E-40CA-B44F-398658FD3288}.AppStore|Any CPU.Deploy.0 = Release|Any CPU
		{B969F412-B51E-40CA-B44F-398658FD3288}.AppStore|ARM.ActiveCfg = Release|Any CPU
		{B969F412-B51E-40CA-B44F-398658FD3288}.AppStore|ARM.Build.0 = Release|Any CPU
		{B969F412-B51E-40CA-B44F-398658FD3288}.AppStore|ARM.Deploy.0 = Release|Any CPU
		{B969F412-B51E-40CA-B44F-398658FD3288}.AppStore|iPhone.ActiveCfg = Release|Any CPU
		{B969F412-B51E-40CA-B44F-398658FD3288}.AppStore|iPhone.Build.0 = Release|Any CPU
		{B969F412-B51E-40CA-B44F-398658FD3288}.AppStore|iPhone.Deploy.0 = Release|Any CPU
		{B969F412-B51E-40CA-B44F-398658FD3288}.AppStore|iPhoneSimulator.ActiveCfg = Release|Any CPU
		{B969F412-B51E-40CA-B44F-398658FD3288}.AppStore|iPhoneSimulator.Build.0 = Release|Any CPU
		{B969F412-B51E-40CA-B44F-398658FD3288}.AppStore|iPhoneSimulator.Deploy.0 = Release|Any CPU
		{B969F412-B51E-40CA-B44F-398658FD3288}.AppStore|x64.ActiveCfg = Release|Any CPU
		{B969F412-B51E-40CA-B44F-398658FD3288}.AppStore|x64.Build.0 = Release|Any CPU
		{B969F412-B51E-40CA-B44F-398658FD3288}.AppStore|x64.Deploy.0 = Release|Any CPU
		{B969F412-B51E-40CA-B44F-398658FD3288}.AppStore|x86.ActiveCfg = Release|Any CPU
		{B969F412-B51E-40CA-B44F-398658FD3288}.AppStore|x86.Build.0 = Release|Any CPU
		{B969F412-B51E-40CA-B44F-398658FD3288}.AppStore|x86.Deploy.0 = Release|Any CPU
		{B969F412-B51E-40CA-B44F-398658FD3288}.Debug|Any CPU.ActiveCfg = Debug|Any CPU
		{B969F412-B51E-40CA-B44F-398658FD3288}.Debug|Any CPU.Build.0 = Debug|Any CPU
		{B969F412-B51E-40CA-B44F-398658FD3288}.Debug|Any CPU.Deploy.0 = Debug|Any CPU
		{B969F412-B51E-40CA-B44F-398658FD3288}.Debug|ARM.ActiveCfg = Debug|Any CPU
		{B969F412-B51E-40CA-B44F-398658FD3288}.Debug|ARM.Build.0 = Debug|Any CPU
		{B969F412-B51E-40CA-B44F-398658FD3288}.Debug|ARM.Deploy.0 = Debug|Any CPU
		{B969F412-B51E-40CA-B44F-398658FD3288}.Debug|iPhone.ActiveCfg = Debug|Any CPU
		{B969F412-B51E-40CA-B44F-398658FD3288}.Debug|iPhone.Build.0 = Debug|Any CPU
		{B969F412-B51E-40CA-B44F-398658FD3288}.Debug|iPhone.Deploy.0 = Debug|Any CPU
		{B969F412-B51E-40CA-B44F-398658FD3288}.Debug|iPhoneSimulator.ActiveCfg = Debug|Any CPU
		{B969F412-B51E-40CA-B44F-398658FD3288}.Debug|iPhoneSimulator.Build.0 = Debug|Any CPU
		{B969F412-B51E-40CA-B44F-398658FD3288}.Debug|iPhoneSimulator.Deploy.0 = Debug|Any CPU
		{B969F412-B51E-40CA-B44F-398658FD3288}.Debug|x64.ActiveCfg = Debug|Any CPU
		{B969F412-B51E-40CA-B44F-398658FD3288}.Debug|x64.Build.0 = Debug|Any CPU
		{B969F412-B51E-40CA-B44F-398658FD3288}.Debug|x64.Deploy.0 = Debug|Any CPU
		{B969F412-B51E-40CA-B44F-398658FD3288}.Debug|x86.ActiveCfg = Debug|Any CPU
		{B969F412-B51E-40CA-B44F-398658FD3288}.Debug|x86.Build.0 = Debug|Any CPU
		{B969F412-B51E-40CA-B44F-398658FD3288}.Debug|x86.Deploy.0 = Debug|Any CPU
		{B969F412-B51E-40CA-B44F-398658FD3288}.Release|Any CPU.ActiveCfg = Release|Any CPU
		{B969F412-B51E-40CA-B44F-398658FD3288}.Release|Any CPU.Build.0 = Release|Any CPU
		{B969F412-B51E-40CA-B44F-398658FD3288}.Release|Any CPU.Deploy.0 = Release|Any CPU
		{B969F412-B51E-40CA-B44F-398658FD3288}.Release|ARM.ActiveCfg = Release|Any CPU
		{B969F412-B51E-40CA-B44F-398658FD3288}.Release|ARM.Build.0 = Release|Any CPU
		{B969F412-B51E-40CA-B44F-398658FD3288}.Release|ARM.Deploy.0 = Release|Any CPU
		{B969F412-B51E-40CA-B44F-398658FD3288}.Release|iPhone.ActiveCfg = Release|Any CPU
		{B969F412-B51E-40CA-B44F-398658FD3288}.Release|iPhone.Build.0 = Release|Any CPU
		{B969F412-B51E-40CA-B44F-398658FD3288}.Release|iPhone.Deploy.0 = Release|Any CPU
		{B969F412-B51E-40CA-B44F-398658FD3288}.Release|iPhoneSimulator.ActiveCfg = Release|Any CPU
		{B969F412-B51E-40CA-B44F-398658FD3288}.Release|iPhoneSimulator.Build.0 = Release|Any CPU
		{B969F412-B51E-40CA-B44F-398658FD3288}.Release|iPhoneSimulator.Deploy.0 = Release|Any CPU
		{B969F412-B51E-40CA-B44F-398658FD3288}.Release|x64.ActiveCfg = Release|Any CPU
		{B969F412-B51E-40CA-B44F-398658FD3288}.Release|x64.Build.0 = Release|Any CPU
		{B969F412-B51E-40CA-B44F-398658FD3288}.Release|x64.Deploy.0 = Release|Any CPU
		{B969F412-B51E-40CA-B44F-398658FD3288}.Release|x86.ActiveCfg = Release|Any CPU
		{B969F412-B51E-40CA-B44F-398658FD3288}.Release|x86.Build.0 = Release|Any CPU
		{B969F412-B51E-40CA-B44F-398658FD3288}.Release|x86.Deploy.0 = Release|Any CPU
		{AB6C6814-BC9F-413C-A994-8839E7C0E64D}.Ad-Hoc|Any CPU.ActiveCfg = Ad-Hoc|iPhone
		{AB6C6814-BC9F-413C-A994-8839E7C0E64D}.Ad-Hoc|Any CPU.Build.0 = Ad-Hoc|iPhone
		{AB6C6814-BC9F-413C-A994-8839E7C0E64D}.Ad-Hoc|Any CPU.Deploy.0 = Ad-Hoc|iPhone
		{AB6C6814-BC9F-413C-A994-8839E7C0E64D}.Ad-Hoc|ARM.ActiveCfg = Ad-Hoc|iPhone
		{AB6C6814-BC9F-413C-A994-8839E7C0E64D}.Ad-Hoc|ARM.Build.0 = Ad-Hoc|iPhone
		{AB6C6814-BC9F-413C-A994-8839E7C0E64D}.Ad-Hoc|ARM.Deploy.0 = Ad-Hoc|iPhone
		{AB6C6814-BC9F-413C-A994-8839E7C0E64D}.Ad-Hoc|iPhone.ActiveCfg = Ad-Hoc|iPhone
		{AB6C6814-BC9F-413C-A994-8839E7C0E64D}.Ad-Hoc|iPhone.Build.0 = Ad-Hoc|iPhone
		{AB6C6814-BC9F-413C-A994-8839E7C0E64D}.Ad-Hoc|iPhone.Deploy.0 = Ad-Hoc|iPhone
		{AB6C6814-BC9F-413C-A994-8839E7C0E64D}.Ad-Hoc|iPhoneSimulator.ActiveCfg = Ad-Hoc|iPhoneSimulator
		{AB6C6814-BC9F-413C-A994-8839E7C0E64D}.Ad-Hoc|iPhoneSimulator.Build.0 = Ad-Hoc|iPhoneSimulator
		{AB6C6814-BC9F-413C-A994-8839E7C0E64D}.Ad-Hoc|iPhoneSimulator.Deploy.0 = Ad-Hoc|iPhoneSimulator
		{AB6C6814-BC9F-413C-A994-8839E7C0E64D}.Ad-Hoc|x64.ActiveCfg = Ad-Hoc|iPhone
		{AB6C6814-BC9F-413C-A994-8839E7C0E64D}.Ad-Hoc|x64.Build.0 = Ad-Hoc|iPhone
		{AB6C6814-BC9F-413C-A994-8839E7C0E64D}.Ad-Hoc|x64.Deploy.0 = Ad-Hoc|iPhone
		{AB6C6814-BC9F-413C-A994-8839E7C0E64D}.Ad-Hoc|x86.ActiveCfg = Ad-Hoc|iPhone
		{AB6C6814-BC9F-413C-A994-8839E7C0E64D}.Ad-Hoc|x86.Build.0 = Ad-Hoc|iPhone
		{AB6C6814-BC9F-413C-A994-8839E7C0E64D}.Ad-Hoc|x86.Deploy.0 = Ad-Hoc|iPhone
		{AB6C6814-BC9F-413C-A994-8839E7C0E64D}.AppStore|Any CPU.ActiveCfg = AppStore|iPhone
		{AB6C6814-BC9F-413C-A994-8839E7C0E64D}.AppStore|Any CPU.Build.0 = AppStore|iPhone
		{AB6C6814-BC9F-413C-A994-8839E7C0E64D}.AppStore|Any CPU.Deploy.0 = AppStore|iPhone
		{AB6C6814-BC9F-413C-A994-8839E7C0E64D}.AppStore|ARM.ActiveCfg = AppStore|iPhone
		{AB6C6814-BC9F-413C-A994-8839E7C0E64D}.AppStore|ARM.Build.0 = AppStore|iPhone
		{AB6C6814-BC9F-413C-A994-8839E7C0E64D}.AppStore|ARM.Deploy.0 = AppStore|iPhone
		{AB6C6814-BC9F-413C-A994-8839E7C0E64D}.AppStore|iPhone.ActiveCfg = AppStore|iPhone
		{AB6C6814-BC9F-413C-A994-8839E7C0E64D}.AppStore|iPhone.Build.0 = AppStore|iPhone
		{AB6C6814-BC9F-413C-A994-8839E7C0E64D}.AppStore|iPhone.Deploy.0 = AppStore|iPhone
		{AB6C6814-BC9F-413C-A994-8839E7C0E64D}.AppStore|iPhoneSimulator.ActiveCfg = AppStore|iPhoneSimulator
		{AB6C6814-BC9F-413C-A994-8839E7C0E64D}.AppStore|iPhoneSimulator.Build.0 = AppStore|iPhoneSimulator
		{AB6C6814-BC9F-413C-A994-8839E7C0E64D}.AppStore|iPhoneSimulator.Deploy.0 = AppStore|iPhoneSimulator
		{AB6C6814-BC9F-413C-A994-8839E7C0E64D}.AppStore|x64.ActiveCfg = AppStore|iPhone
		{AB6C6814-BC9F-413C-A994-8839E7C0E64D}.AppStore|x64.Build.0 = AppStore|iPhone
		{AB6C6814-BC9F-413C-A994-8839E7C0E64D}.AppStore|x64.Deploy.0 = AppStore|iPhone
		{AB6C6814-BC9F-413C-A994-8839E7C0E64D}.AppStore|x86.ActiveCfg = AppStore|iPhone
		{AB6C6814-BC9F-413C-A994-8839E7C0E64D}.AppStore|x86.Build.0 = AppStore|iPhone
		{AB6C6814-BC9F-413C-A994-8839E7C0E64D}.AppStore|x86.Deploy.0 = AppStore|iPhone
		{AB6C6814-BC9F-413C-A994-8839E7C0E64D}.Debug|Any CPU.ActiveCfg = Debug|iPhoneSimulator
		{AB6C6814-BC9F-413C-A994-8839E7C0E64D}.Debug|Any CPU.Build.0 = Debug|iPhoneSimulator
		{AB6C6814-BC9F-413C-A994-8839E7C0E64D}.Debug|Any CPU.Deploy.0 = Debug|iPhoneSimulator
		{AB6C6814-BC9F-413C-A994-8839E7C0E64D}.Debug|ARM.ActiveCfg = Debug|iPhone
		{AB6C6814-BC9F-413C-A994-8839E7C0E64D}.Debug|ARM.Build.0 = Debug|iPhone
		{AB6C6814-BC9F-413C-A994-8839E7C0E64D}.Debug|ARM.Deploy.0 = Debug|iPhone
		{AB6C6814-BC9F-413C-A994-8839E7C0E64D}.Debug|iPhone.ActiveCfg = Debug|iPhone
		{AB6C6814-BC9F-413C-A994-8839E7C0E64D}.Debug|iPhone.Build.0 = Debug|iPhone
		{AB6C6814-BC9F-413C-A994-8839E7C0E64D}.Debug|iPhone.Deploy.0 = Debug|iPhone
		{AB6C6814-BC9F-413C-A994-8839E7C0E64D}.Debug|iPhoneSimulator.ActiveCfg = Debug|iPhoneSimulator
		{AB6C6814-BC9F-413C-A994-8839E7C0E64D}.Debug|iPhoneSimulator.Build.0 = Debug|iPhoneSimulator
		{AB6C6814-BC9F-413C-A994-8839E7C0E64D}.Debug|iPhoneSimulator.Deploy.0 = Debug|iPhoneSimulator
		{AB6C6814-BC9F-413C-A994-8839E7C0E64D}.Debug|x64.ActiveCfg = Debug|iPhone
		{AB6C6814-BC9F-413C-A994-8839E7C0E64D}.Debug|x64.Build.0 = Debug|iPhone
		{AB6C6814-BC9F-413C-A994-8839E7C0E64D}.Debug|x64.Deploy.0 = Debug|iPhone
		{AB6C6814-BC9F-413C-A994-8839E7C0E64D}.Debug|x86.ActiveCfg = Debug|iPhone
		{AB6C6814-BC9F-413C-A994-8839E7C0E64D}.Debug|x86.Build.0 = Debug|iPhone
		{AB6C6814-BC9F-413C-A994-8839E7C0E64D}.Debug|x86.Deploy.0 = Debug|iPhone
		{AB6C6814-BC9F-413C-A994-8839E7C0E64D}.Release|Any CPU.ActiveCfg = Release|iPhone
		{AB6C6814-BC9F-413C-A994-8839E7C0E64D}.Release|Any CPU.Build.0 = Release|iPhone
		{AB6C6814-BC9F-413C-A994-8839E7C0E64D}.Release|Any CPU.Deploy.0 = Release|iPhone
		{AB6C6814-BC9F-413C-A994-8839E7C0E64D}.Release|ARM.ActiveCfg = Release|iPhone
		{AB6C6814-BC9F-413C-A994-8839E7C0E64D}.Release|ARM.Build.0 = Release|iPhone
		{AB6C6814-BC9F-413C-A994-8839E7C0E64D}.Release|ARM.Deploy.0 = Release|iPhone
		{AB6C6814-BC9F-413C-A994-8839E7C0E64D}.Release|iPhone.ActiveCfg = Release|iPhone
		{AB6C6814-BC9F-413C-A994-8839E7C0E64D}.Release|iPhone.Build.0 = Release|iPhone
		{AB6C6814-BC9F-413C-A994-8839E7C0E64D}.Release|iPhone.Deploy.0 = Release|iPhone
		{AB6C6814-BC9F-413C-A994-8839E7C0E64D}.Release|iPhoneSimulator.ActiveCfg = Release|iPhoneSimulator
		{AB6C6814-BC9F-413C-A994-8839E7C0E64D}.Release|iPhoneSimulator.Build.0 = Release|iPhoneSimulator
		{AB6C6814-BC9F-413C-A994-8839E7C0E64D}.Release|iPhoneSimulator.Deploy.0 = Release|iPhoneSimulator
		{AB6C6814-BC9F-413C-A994-8839E7C0E64D}.Release|x64.ActiveCfg = Release|iPhone
		{AB6C6814-BC9F-413C-A994-8839E7C0E64D}.Release|x64.Build.0 = Release|iPhone
		{AB6C6814-BC9F-413C-A994-8839E7C0E64D}.Release|x64.Deploy.0 = Release|iPhone
		{AB6C6814-BC9F-413C-A994-8839E7C0E64D}.Release|x86.ActiveCfg = Release|iPhone
		{AB6C6814-BC9F-413C-A994-8839E7C0E64D}.Release|x86.Build.0 = Release|iPhone
		{AB6C6814-BC9F-413C-A994-8839E7C0E64D}.Release|x86.Deploy.0 = Release|iPhone
		{6EEC4230-902A-46CE-8150-CAEDDA4C719B}.Ad-Hoc|Any CPU.ActiveCfg = Debug|Any CPU
		{6EEC4230-902A-46CE-8150-CAEDDA4C719B}.Ad-Hoc|Any CPU.Build.0 = Debug|Any CPU
		{6EEC4230-902A-46CE-8150-CAEDDA4C719B}.Ad-Hoc|Any CPU.Deploy.0 = Debug|Any CPU
		{6EEC4230-902A-46CE-8150-CAEDDA4C719B}.Ad-Hoc|ARM.ActiveCfg = Debug|Any CPU
		{6EEC4230-902A-46CE-8150-CAEDDA4C719B}.Ad-Hoc|ARM.Build.0 = Debug|Any CPU
		{6EEC4230-902A-46CE-8150-CAEDDA4C719B}.Ad-Hoc|ARM.Deploy.0 = Debug|Any CPU
		{6EEC4230-902A-46CE-8150-CAEDDA4C719B}.Ad-Hoc|iPhone.ActiveCfg = Debug|Any CPU
		{6EEC4230-902A-46CE-8150-CAEDDA4C719B}.Ad-Hoc|iPhone.Build.0 = Debug|Any CPU
		{6EEC4230-902A-46CE-8150-CAEDDA4C719B}.Ad-Hoc|iPhone.Deploy.0 = Debug|Any CPU
		{6EEC4230-902A-46CE-8150-CAEDDA4C719B}.Ad-Hoc|iPhoneSimulator.ActiveCfg = Debug|Any CPU
		{6EEC4230-902A-46CE-8150-CAEDDA4C719B}.Ad-Hoc|iPhoneSimulator.Build.0 = Debug|Any CPU
		{6EEC4230-902A-46CE-8150-CAEDDA4C719B}.Ad-Hoc|iPhoneSimulator.Deploy.0 = Debug|Any CPU
		{6EEC4230-902A-46CE-8150-CAEDDA4C719B}.Ad-Hoc|x64.ActiveCfg = Debug|Any CPU
		{6EEC4230-902A-46CE-8150-CAEDDA4C719B}.Ad-Hoc|x64.Build.0 = Debug|Any CPU
		{6EEC4230-902A-46CE-8150-CAEDDA4C719B}.Ad-Hoc|x64.Deploy.0 = Debug|Any CPU
		{6EEC4230-902A-46CE-8150-CAEDDA4C719B}.Ad-Hoc|x86.ActiveCfg = Debug|Any CPU
		{6EEC4230-902A-46CE-8150-CAEDDA4C719B}.Ad-Hoc|x86.Build.0 = Debug|Any CPU
		{6EEC4230-902A-46CE-8150-CAEDDA4C719B}.Ad-Hoc|x86.Deploy.0 = Debug|Any CPU
		{6EEC4230-902A-46CE-8150-CAEDDA4C719B}.AppStore|Any CPU.ActiveCfg = Debug|Any CPU
		{6EEC4230-902A-46CE-8150-CAEDDA4C719B}.AppStore|Any CPU.Build.0 = Debug|Any CPU
		{6EEC4230-902A-46CE-8150-CAEDDA4C719B}.AppStore|Any CPU.Deploy.0 = Debug|Any CPU
		{6EEC4230-902A-46CE-8150-CAEDDA4C719B}.AppStore|ARM.ActiveCfg = Debug|Any CPU
		{6EEC4230-902A-46CE-8150-CAEDDA4C719B}.AppStore|ARM.Build.0 = Debug|Any CPU
		{6EEC4230-902A-46CE-8150-CAEDDA4C719B}.AppStore|ARM.Deploy.0 = Debug|Any CPU
		{6EEC4230-902A-46CE-8150-CAEDDA4C719B}.AppStore|iPhone.ActiveCfg = Debug|Any CPU
		{6EEC4230-902A-46CE-8150-CAEDDA4C719B}.AppStore|iPhone.Build.0 = Debug|Any CPU
		{6EEC4230-902A-46CE-8150-CAEDDA4C719B}.AppStore|iPhone.Deploy.0 = Debug|Any CPU
		{6EEC4230-902A-46CE-8150-CAEDDA4C719B}.AppStore|iPhoneSimulator.ActiveCfg = Debug|Any CPU
		{6EEC4230-902A-46CE-8150-CAEDDA4C719B}.AppStore|iPhoneSimulator.Build.0 = Debug|Any CPU
		{6EEC4230-902A-46CE-8150-CAEDDA4C719B}.AppStore|iPhoneSimulator.Deploy.0 = Debug|Any CPU
		{6EEC4230-902A-46CE-8150-CAEDDA4C719B}.AppStore|x64.ActiveCfg = Debug|Any CPU
		{6EEC4230-902A-46CE-8150-CAEDDA4C719B}.AppStore|x64.Build.0 = Debug|Any CPU
		{6EEC4230-902A-46CE-8150-CAEDDA4C719B}.AppStore|x64.Deploy.0 = Debug|Any CPU
		{6EEC4230-902A-46CE-8150-CAEDDA4C719B}.AppStore|x86.ActiveCfg = Debug|Any CPU
		{6EEC4230-902A-46CE-8150-CAEDDA4C719B}.AppStore|x86.Build.0 = Debug|Any CPU
		{6EEC4230-902A-46CE-8150-CAEDDA4C719B}.AppStore|x86.Deploy.0 = Debug|Any CPU
		{6EEC4230-902A-46CE-8150-CAEDDA4C719B}.Debug|Any CPU.ActiveCfg = Debug|Any CPU
		{6EEC4230-902A-46CE-8150-CAEDDA4C719B}.Debug|Any CPU.Build.0 = Debug|Any CPU
		{6EEC4230-902A-46CE-8150-CAEDDA4C719B}.Debug|Any CPU.Deploy.0 = Debug|Any CPU
		{6EEC4230-902A-46CE-8150-CAEDDA4C719B}.Debug|ARM.ActiveCfg = Debug|Any CPU
		{6EEC4230-902A-46CE-8150-CAEDDA4C719B}.Debug|ARM.Build.0 = Debug|Any CPU
		{6EEC4230-902A-46CE-8150-CAEDDA4C719B}.Debug|ARM.Deploy.0 = Debug|Any CPU
		{6EEC4230-902A-46CE-8150-CAEDDA4C719B}.Debug|iPhone.ActiveCfg = Debug|Any CPU
		{6EEC4230-902A-46CE-8150-CAEDDA4C719B}.Debug|iPhone.Build.0 = Debug|Any CPU
		{6EEC4230-902A-46CE-8150-CAEDDA4C719B}.Debug|iPhone.Deploy.0 = Debug|Any CPU
		{6EEC4230-902A-46CE-8150-CAEDDA4C719B}.Debug|iPhoneSimulator.ActiveCfg = Debug|Any CPU
		{6EEC4230-902A-46CE-8150-CAEDDA4C719B}.Debug|iPhoneSimulator.Build.0 = Debug|Any CPU
		{6EEC4230-902A-46CE-8150-CAEDDA4C719B}.Debug|iPhoneSimulator.Deploy.0 = Debug|Any CPU
		{6EEC4230-902A-46CE-8150-CAEDDA4C719B}.Debug|x64.ActiveCfg = Debug|Any CPU
		{6EEC4230-902A-46CE-8150-CAEDDA4C719B}.Debug|x64.Build.0 = Debug|Any CPU
		{6EEC4230-902A-46CE-8150-CAEDDA4C719B}.Debug|x64.Deploy.0 = Debug|Any CPU
		{6EEC4230-902A-46CE-8150-CAEDDA4C719B}.Debug|x86.ActiveCfg = Debug|Any CPU
		{6EEC4230-902A-46CE-8150-CAEDDA4C719B}.Debug|x86.Build.0 = Debug|Any CPU
		{6EEC4230-902A-46CE-8150-CAEDDA4C719B}.Debug|x86.Deploy.0 = Debug|Any CPU
		{6EEC4230-902A-46CE-8150-CAEDDA4C719B}.Release|Any CPU.ActiveCfg = Release|Any CPU
		{6EEC4230-902A-46CE-8150-CAEDDA4C719B}.Release|Any CPU.Build.0 = Release|Any CPU
		{6EEC4230-902A-46CE-8150-CAEDDA4C719B}.Release|Any CPU.Deploy.0 = Release|Any CPU
		{6EEC4230-902A-46CE-8150-CAEDDA4C719B}.Release|ARM.ActiveCfg = Release|Any CPU
		{6EEC4230-902A-46CE-8150-CAEDDA4C719B}.Release|ARM.Build.0 = Release|Any CPU
		{6EEC4230-902A-46CE-8150-CAEDDA4C719B}.Release|ARM.Deploy.0 = Release|Any CPU
		{6EEC4230-902A-46CE-8150-CAEDDA4C719B}.Release|iPhone.ActiveCfg = Release|Any CPU
		{6EEC4230-902A-46CE-8150-CAEDDA4C719B}.Release|iPhone.Build.0 = Release|Any CPU
		{6EEC4230-902A-46CE-8150-CAEDDA4C719B}.Release|iPhone.Deploy.0 = Release|Any CPU
		{6EEC4230-902A-46CE-8150-CAEDDA4C719B}.Release|iPhoneSimulator.ActiveCfg = Release|Any CPU
		{6EEC4230-902A-46CE-8150-CAEDDA4C719B}.Release|iPhoneSimulator.Build.0 = Release|Any CPU
		{6EEC4230-902A-46CE-8150-CAEDDA4C719B}.Release|iPhoneSimulator.Deploy.0 = Release|Any CPU
		{6EEC4230-902A-46CE-8150-CAEDDA4C719B}.Release|x64.ActiveCfg = Release|Any CPU
		{6EEC4230-902A-46CE-8150-CAEDDA4C719B}.Release|x64.Build.0 = Release|Any CPU
		{6EEC4230-902A-46CE-8150-CAEDDA4C719B}.Release|x64.Deploy.0 = Release|Any CPU
		{6EEC4230-902A-46CE-8150-CAEDDA4C719B}.Release|x86.ActiveCfg = Release|Any CPU
		{6EEC4230-902A-46CE-8150-CAEDDA4C719B}.Release|x86.Build.0 = Release|Any CPU
		{6EEC4230-902A-46CE-8150-CAEDDA4C719B}.Release|x86.Deploy.0 = Release|Any CPU
	EndGlobalSection
	GlobalSection(SolutionProperties) = preSolution
		HideSolutionNode = FALSE
	EndGlobalSection
	GlobalSection(ExtensibilityGlobals) = postSolution
		SolutionGuid = {4679578E-D50E-4E79-BE97-4114B1805F10}
	EndGlobalSection
EndGlobal
